version = 1

[[packages]]
name = "5ive-lending"
version = "0.0.0"
address = "DhC9F3CHdrHsxaG4LihvJueDhq8TDnWF75SA7T1UiLmq"
bytecode_hash = "17d5e4803fd23bf824b367a1ed5095f4b206dacfb0aaaabc6b3f1db1864ac478"
deployed_at = "2026-03-05T00:13:05.709Z"

  [packages.exports]
  methods = [
  "init_market",
  "set_market_pause",
  "transfer_market_admin",
  "init_reserve",
  "set_reserve_config",
  "init_obligation",
  "init_oracle",
  "set_oracle",
  "refresh_reserve",
  "refresh_obligation",
  "refresh_obligation_with_oracle",
  "deposit_reserve_liquidity",
  "withdraw_reserve_liquidity",
  "borrow_obligation_liquidity",
  "repay_obligation_liquidity",
  "liquidate_obligation",
  "collect_protocol_fees",
  "get_utilization",
  "get_borrow_rate",
  "calculate_utilization",
  "calculate_borrow_rate",
  "refresh_reserve_internal"
]
  interfaces = [ ]
