version = 1

[[packages]]
name = "5ive-lending"
version = "0.0.0"
address = "3qfRnt5QqzYTvSwHviBaCAyoFcZb1iDQiRkgT2jHGWkQ"
bytecode_hash = "0426b7f4f9cbe3a3d6068c38d5cac6ef84a82d6347caec5ea6900c83f7c298f8"
deployed_at = "2026-03-07T04:50:48.144Z"

  [packages.exports]
  methods = [
  "init_market",
  "set_market_pause",
  "transfer_market_admin",
  "init_reserve",
  "set_reserve_config",
  "init_obligation",
  "init_oracle",
  "set_oracle",
  "refresh_reserve",
  "refresh_obligation",
  "refresh_obligation_with_oracle",
  "deposit_reserve_liquidity",
  "withdraw_reserve_liquidity",
  "borrow_obligation_liquidity",
  "repay_obligation_liquidity",
  "liquidate_obligation",
  "collect_protocol_fees",
  "get_utilization",
  "get_borrow_rate"
]
  interfaces = [ ]
